// !$*UTF8*$!
{
	archiveVersion = 1;
	classes = {
	};
	objectVersion = 50;
	objects = {

/* Begin PBXBuildFile section */
		701817B825F0DB1100C58888 /* RingView.swift in Sources */ = {isa = PBXBuildFile; fileRef = 701817B725F0DB1100C58888 /* RingView.swift */; };
		701E9A1425EF87E400D81FA2 /* UpdateDetail.swift in Sources */ = {isa = PBXBuildFile; fileRef = 701E9A1325EF87E400D81FA2 /* UpdateDetail.swift */; };
		701E9A1725EF8B2D00D81FA2 /* UpdateStore.swift in Sources */ = {isa = PBXBuildFile; fileRef = 701E9A1625EF8B2D00D81FA2 /* UpdateStore.swift */; };
		701E9A1C25EF905800D81FA2 /* TabBar.swift in Sources */ = {isa = PBXBuildFile; fileRef = 701E9A1B25EF905800D81FA2 /* TabBar.swift */; };
		70201C8325EF5898007C0875 /* HomeView.swift in Sources */ = {isa = PBXBuildFile; fileRef = 70201C8225EF5898007C0875 /* HomeView.swift */; };
		703CA32925F1103900544132 /* Modifiers.swift in Sources */ = {isa = PBXBuildFile; fileRef = 703CA32825F1103900544132 /* Modifiers.swift */; };
		703CA33A25F1173600544132 /* WorkSans-Regular.ttf in Resources */ = {isa = PBXBuildFile; fileRef = 703CA33925F1173200544132 /* WorkSans-Regular.ttf */; };
		703CA33C25F1173800544132 /* WorkSans-Bold.ttf in Resources */ = {isa = PBXBuildFile; fileRef = 703CA33725F1172A00544132 /* WorkSans-Bold.ttf */; };
		708762AD25EF727F003144C5 /* UpdateList.swift in Sources */ = {isa = PBXBuildFile; fileRef = 708762AC25EF727F003144C5 /* UpdateList.swift */; };
		70A7179325ED4F7100E91380 /* DesignCode_1App.swift in Sources */ = {isa = PBXBuildFile; fileRef = 70A7179225ED4F7100E91380 /* DesignCode_1App.swift */; };
		70A7179525ED4F7100E91380 /* ContentView.swift in Sources */ = {isa = PBXBuildFile; fileRef = 70A7179425ED4F7100E91380 /* ContentView.swift */; };
		70A7179725ED4F7200E91380 /* Assets.xcassets in Resources */ = {isa = PBXBuildFile; fileRef = 70A7179625ED4F7200E91380 /* Assets.xcassets */; };
		70A7179A25ED4F7200E91380 /* Preview Assets.xcassets in Resources */ = {isa = PBXBuildFile; fileRef = 70A7179925ED4F7200E91380 /* Preview Assets.xcassets */; };
		70AB977625EE46E5003D5EB2 /* MenuView.swift in Sources */ = {isa = PBXBuildFile; fileRef = 70AB977525EE46E5003D5EB2 /* MenuView.swift */; };
		70AB977925EE4D7C003D5EB2 /* Home.swift in Sources */ = {isa = PBXBuildFile; fileRef = 70AB977825EE4D7C003D5EB2 /* Home.swift */; };
/* End PBXBuildFile section */

/* Begin PBXFileReference section */
		701817B725F0DB1100C58888 /* RingView.swift */ = {isa = PBXFileReference; lastKnownFileType = sourcecode.swift; path = RingView.swift; sourceTree = "<group>"; };
		701E9A1325EF87E400D81FA2 /* UpdateDetail.swift */ = {isa = PBXFileReference; lastKnownFileType = sourcecode.swift; path = UpdateDetail.swift; sourceTree = "<group>"; };
		701E9A1625EF8B2D00D81FA2 /* UpdateStore.swift */ = {isa = PBXFileReference; lastKnownFileType = sourcecode.swift; path = UpdateStore.swift; sourceTree = "<group>"; };
		701E9A1B25EF905800D81FA2 /* TabBar.swift */ = {isa = PBXFileReference; lastKnownFileType = sourcecode.swift; path = TabBar.swift; sourceTree = "<group>"; };
		70201C8225EF5898007C0875 /* HomeView.swift */ = {isa = PBXFileReference; lastKnownFileType = sourcecode.swift; path = HomeView.swift; sourceTree = "<group>"; };
		703CA32825F1103900544132 /* Modifiers.swift */ = {isa = PBXFileReference; lastKnownFileType = sourcecode.swift; path = Modifiers.swift; sourceTree = "<group>"; };
		703CA33725F1172A00544132 /* WorkSans-Bold.ttf */ = {isa = PBXFileReference; lastKnownFileType = file; path = "WorkSans-Bold.ttf"; sourceTree = "<group>"; };
		703CA33925F1173200544132 /* WorkSans-Regular.ttf */ = {isa = PBXFileReference; lastKnownFileType = file; path = "WorkSans-Regular.ttf"; sourceTree = "<group>"; };
		708762AC25EF727F003144C5 /* UpdateList.swift */ = {isa = PBXFileReference; lastKnownFileType = sourcecode.swift; path = UpdateList.swift; sourceTree = "<group>"; };
		70A7178F25ED4F7100E91380 /* DesignCode 1.app */ = {isa = PBXFileReference; explicitFileType = wrapper.application; includeInIndex = 0; path = "DesignCode 1.app"; sourceTree = BUILT_PRODUCTS_DIR; };
		70A7179225ED4F7100E91380 /* DesignCode_1App.swift */ = {isa = PBXFileReference; lastKnownFileType = sourcecode.swift; path = DesignCode_1App.swift; sourceTree = "<group>"; };
		70A7179425ED4F7100E91380 /* ContentView.swift */ = {isa = PBXFileReference; lastKnownFileType = sourcecode.swift; path = ContentView.swift; sourceTree = "<group>"; };
		70A7179625ED4F7200E91380 /* Assets.xcassets */ = {isa = PBXFileReference; lastKnownFileType = folder.assetcatalog; path = Assets.xcassets; sourceTree = "<group>"; };
		70A7179925ED4F7200E91380 /* Preview Assets.xcassets */ = {isa = PBXFileReference; lastKnownFileType = folder.assetcatalog; path = "Preview Assets.xcassets"; sourceTree = "<group>"; };
		70A7179B25ED4F7200E91380 /* Info.plist */ = {isa = PBXFileReference; lastKnownFileType = text.plist.xml; path = Info.plist; sourceTree = "<group>"; };
		70AB977525EE46E5003D5EB2 /* MenuView.swift */ = {isa = PBXFileReference; lastKnownFileType = sourcecode.swift; path = MenuView.swift; sourceTree = "<group>"; };
		70AB977825EE4D7C003D5EB2 /* Home.swift */ = {isa = PBXFileReference; lastKnownFileType = sourcecode.swift; path = Home.swift; sourceTree = "<group>"; };
/* End PBXFileReference section */

/* Begin PBXFrameworksBuildPhase section */
		70A7178C25ED4F7100E91380 /* Frameworks */ = {
			isa = PBXFrameworksBuildPhase;
			buildActionMask = 2147483647;
			files = (
			);
			runOnlyForDeploymentPostprocessing = 0;
		};
/* End PBXFrameworksBuildPhase section */

/* Begin PBXGroup section */
		70A7178625ED4F7100E91380 = {
			isa = PBXGroup;
			children = (
				70A7179125ED4F7100E91380 /* DesignCode 1 */,
				70A7179025ED4F7100E91380 /* Products */,
			);
			sourceTree = "<group>";
		};
		70A7179025ED4F7100E91380 /* Products */ = {
			isa = PBXGroup;
			children = (
				70A7178F25ED4F7100E91380 /* DesignCode 1.app */,
			);
			name = Products;
			sourceTree = "<group>";
		};
		70A7179125ED4F7100E91380 /* DesignCode 1 */ = {
			isa = PBXGroup;
			children = (
				701E9A1625EF8B2D00D81FA2 /* UpdateStore.swift */,
				70AB977325EE46D6003D5EB2 /* View */,
				70A7179225ED4F7100E91380 /* DesignCode_1App.swift */,
				70A7179625ED4F7200E91380 /* Assets.xcassets */,
				703CA33925F1173200544132 /* WorkSans-Regular.ttf */,
				703CA33725F1172A00544132 /* WorkSans-Bold.ttf */,
				70A7179B25ED4F7200E91380 /* Info.plist */,
				70A7179825ED4F7200E91380 /* Preview Content */,
			);
			path = "DesignCode 1";
			sourceTree = "<group>";
		};
		70A7179825ED4F7200E91380 /* Preview Content */ = {
			isa = PBXGroup;
			children = (
				70A7179925ED4F7200E91380 /* Preview Assets.xcassets */,
			);
			path = "Preview Content";
			sourceTree = "<group>";
		};
		70AB977325EE46D6003D5EB2 /* View */ = {
			isa = PBXGroup;
			children = (
				703CA32825F1103900544132 /* Modifiers.swift */,
				70A7179425ED4F7100E91380 /* ContentView.swift */,
				70AB977525EE46E5003D5EB2 /* MenuView.swift */,
				701817B725F0DB1100C58888 /* RingView.swift */,
				70AB977825EE4D7C003D5EB2 /* Home.swift */,
				70201C8225EF5898007C0875 /* HomeView.swift */,
				708762AC25EF727F003144C5 /* UpdateList.swift */,
				701E9A1325EF87E400D81FA2 /* UpdateDetail.swift */,
				701E9A1B25EF905800D81FA2 /* TabBar.swift */,
			);
			path = View;
			sourceTree = "<group>";
		};
/* End PBXGroup section */

/* Begin PBXNativeTarget section */
		70A7178E25ED4F7100E91380 /* DesignCode 1 */ = {
			isa = PBXNativeTarget;
			buildConfigurationList = 70A7179E25ED4F7200E91380 /* Build configuration list for PBXNativeTarget "DesignCode 1" */;
			buildPhases = (
				70A7178B25ED4F7100E91380 /* Sources */,
				70A7178C25ED4F7100E91380 /* Frameworks */,
				70A7178D25ED4F7100E91380 /* Resources */,
			);
			buildRules = (
			);
			dependencies = (
			);
			name = "DesignCode 1";
			productName = "DesignCode 1";
			productReference = 70A7178F25ED4F7100E91380 /* DesignCode 1.app */;
			productType = "com.apple.product-type.application";
		};
/* End PBXNativeTarget section */

/* Begin PBXProject section */
		70A7178725ED4F7100E91380 /* Project object */ = {
			isa = PBXProject;
			attributes = {
				LastSwiftUpdateCheck = 1240;
				LastUpgradeCheck = 1240;
				TargetAttributes = {
					70A7178E25ED4F7100E91380 = {
						CreatedOnToolsVersion = 12.4;
					};
				};
			};
			buildConfigurationList = 70A7178A25ED4F7100E91380 /* Build configuration list for PBXProject "DesignCode 1" */;
			compatibilityVersion = "Xcode 9.3";
			developmentRegion = en;
			hasScannedForEncodings = 0;
			knownRegions = (
				en,
				Base,
			);
			mainGroup = 70A7178625ED4F7100E91380;
			productRefGroup = 70A7179025ED4F7100E91380 /* Products */;
			projectDirPath = "";
			projectRoot = "";
			targets = (
				70A7178E25ED4F7100E91380 /* DesignCode 1 */,
			);
		};
/* End PBXProject section */

/* Begin PBXResourcesBuildPhase section */
		70A7178D25ED4F7100E91380 /* Resources */ = {
			isa = PBXResourcesBuildPhase;
			buildActionMask = 2147483647;
			files = (
				70A7179A25ED4F7200E91380 /* Preview Assets.xcassets in Resources */,
				70A7179725ED4F7200E91380 /* Assets.xcassets in Resources */,
				703CA33A25F1173600544132 /* WorkSans-Regular.ttf in Resources */,
				703CA33C25F1173800544132 /* WorkSans-Bold.ttf in Resources */,
			);
			runOnlyForDeploymentPostprocessing = 0;
		};
/* End PBXResourcesBuildPhase section */

/* Begin PBXSourcesBuildPhase section */
		70A7178B25ED4F7100E91380 /* Sources */ = {
			isa = PBXSourcesBuildPhase;
			buildActionMask = 2147483647;
			files = (
				701817B825F0DB1100C58888 /* RingView.swift in Sources */,
				703CA32925F1103900544132 /* Modifiers.swift in Sources */,
				701E9A1C25EF905800D81FA2 /* TabBar.swift in Sources */,
				701E9A1425EF87E400D81FA2 /* UpdateDetail.swift in Sources */,
				70A7179525ED4F7100E91380 /* ContentView.swift in Sources */,
				70AB977925EE4D7C003D5EB2 /* Home.swift in Sources */,
				708762AD25EF727F003144C5 /* UpdateList.swift in Sources */,
				701E9A1725EF8B2D00D81FA2 /* UpdateStore.swift in Sources */,
				70AB977625EE46E5003D5EB2 /* MenuView.swift in Sources */,
				70201C8325EF5898007C0875 /* HomeView.swift in Sources */,
				70A7179325ED4F7100E91380 /* DesignCode_1App.swift in Sources */,
			);
			runOnlyForDeploymentPostprocessing = 0;
		};
/* End PBXSourcesBuildPhase section */

/* Begin XCBuildConfiguration section */
		70A7179C25ED4F7200E91380 /* Debug */ = {
			isa = XCBuildConfiguration;
			buildSettings = {
				ALWAYS_SEARCH_USER_PATHS = NO;
				CLANG_ANALYZER_NONNULL = YES;
				CLANG_ANALYZER_NUMBER_OBJECT_CONVERSION = YES_AGGRESSIVE;
				CLANG_CXX_LANGUAGE_STANDARD = "gnu++14";
				CLANG_CXX_LIBRARY = "libc++";
				CLANG_ENABLE_MODULES = YES;
				CLANG_ENABLE_OBJC_ARC = YES;
				CLANG_ENABLE_OBJC_WEAK = YES;
				CLANG_WARN_BLOCK_CAPTURE_AUTORELEASING = YES;
				CLANG_WARN_BOOL_CONVERSION = YES;
				CLANG_WARN_COMMA = YES;
				CLANG_WARN_CONSTANT_CONVERSION = YES;
				CLANG_WARN_DEPRECATED_OBJC_IMPLEMENTATIONS = YES;
				CLANG_WARN_DIRECT_OBJC_ISA_USAGE = YES_ERROR;
				CLANG_WARN_DOCUMENTATION_COMMENTS = YES;
				CLANG_WARN_EMPTY_BODY = YES;
				CLANG_WARN_ENUM_CONVERSION = YES;
				CLANG_WARN_INFINITE_RECURSION = YES;
				CLANG_WARN_INT_CONVERSION = YES;
				CLANG_WARN_NON_LITERAL_NULL_CONVERSION = YES;
				CLANG_WARN_OBJC_IMPLICIT_RETAIN_SELF = YES;
				CLANG_WARN_OBJC_LITERAL_CONVERSION = YES;
				CLANG_WARN_OBJC_ROOT_CLASS = YES_ERROR;
				CLANG_WARN_QUOTED_INCLUDE_IN_FRAMEWORK_HEADER = YES;
				CLANG_WARN_RANGE_LOOP_ANALYSIS = YES;
				CLANG_WARN_STRICT_PROTOTYPES = YES;
				CLANG_WARN_SUSPICIOUS_MOVE = YES;
				CLANG_WARN_UNGUARDED_AVAILABILITY = YES_AGGRESSIVE;
				CLANG_WARN_UNREACHABLE_CODE = YES;
				CLANG_WARN__DUPLICATE_METHOD_MATCH = YES;
				COPY_PHASE_STRIP = NO;
				DEBUG_INFORMATION_FORMAT = dwarf;
				ENABLE_STRICT_OBJC_MSGSEND = YES;
				ENABLE_TESTABILITY = YES;
				GCC_C_LANGUAGE_STANDARD = gnu11;
				GCC_DYNAMIC_NO_PIC = NO;
				GCC_NO_COMMON_BLOCKS = YES;
				GCC_OPTIMIZATION_LEVEL = 0;
				GCC_PREPROCESSOR_DEFINITIONS = (
					"DEBUG=1",
					"$(inherited)",
				);
				GCC_WARN_64_TO_32_BIT_CONVERSION = YES;
				GCC_WARN_ABOUT_RETURN_TYPE = YES_ERROR;
				GCC_WARN_UNDECLARED_SELECTOR = YES;
				GCC_WARN_UNINITIALIZED_AUTOS = YES_AGGRESSIVE;
				GCC_WARN_UNUSED_FUNCTION = YES;
				GCC_WARN_UNUSED_VARIABLE = YES;
				IPHONEOS_DEPLOYMENT_TARGET = 14.4;
				MTL_ENABLE_DEBUG_INFO = INCLUDE_SOURCE;
				MTL_FAST_MATH = YES;
				ONLY_ACTIVE_ARCH = YES;
				SDKROOT = iphoneos;
				SWIFT_ACTIVE_COMPILATION_CONDITIONS = DEBUG;
				SWIFT_OPTIMIZATION_LEVEL = "-Onone";
			};
			name = Debug;
		};
		70A7179D25ED4F7200E91380 /* Release */ = {
			isa = XCBuildConfiguration;
			buildSettings = {
				ALWAYS_SEARCH_USER_PATHS = NO;
				CLANG_ANALYZER_NONNULL = YES;
				CLANG_ANALYZER_NUMBER_OBJECT_CONVERSION = YES_AGGRESSIVE;
				CLANG_CXX_LANGUAGE_STANDARD = "gnu++14";
				CLANG_CXX_LIBRARY = "libc++";
				CLANG_ENABLE_MODULES = YES;
				CLANG_ENABLE_OBJC_ARC = YES;
				CLANG_ENABLE_OBJC_WEAK = YES;
				CLANG_WARN_BLOCK_CAPTURE_AUTORELEASING = YES;
				CLANG_WARN_BOOL_CONVERSION = YES;
				CLANG_WARN_COMMA = YES;
				CLANG_WARN_CONSTANT_CONVERSION = YES;
				CLANG_WARN_DEPRECATED_OBJC_IMPLEMENTATIONS = YES;
				CLANG_WARN_DIRECT_OBJC_ISA_USAGE = YES_ERROR;
				CLANG_WARN_DOCUMENTATION_COMMENTS = YES;
				CLANG_WARN_EMPTY_BODY = YES;
				CLANG_WARN_ENUM_CONVERSION = YES;
				CLANG_WARN_INFINITE_RECURSION = YES;
				CLANG_WARN_INT_CONVERSION = YES;
				CLANG_WARN_NON_LITERAL_NULL_CONVERSION = YES;
				CLANG_WARN_OBJC_IMPLICIT_RETAIN_SELF = YES;
				CLANG_WARN_OBJC_LITERAL_CONVERSION = YES;
				CLANG_WARN_OBJC_ROOT_CLASS = YES_ERROR;
				CLANG_WARN_QUOTED_INCLUDE_IN_FRAMEWORK_HEADER = YES;
				CLANG_WARN_RANGE_LOOP_ANALYSIS = YES;
				CLANG_WARN_STRICT_PROTOTYPES = YES;
				CLANG_WARN_SUSPICIOUS_MOVE = YES;
				CLANG_WARN_UNGUARDED_AVAILABILITY = YES_AGGRESSIVE;
				CLANG_WARN_UNREACHABLE_CODE = YES;
				CLANG_WARN__DUPLICATE_METHOD_MATCH = YES;
				COPY_PHASE_STRIP = NO;
				DEBUG_INFORMATION_FORMAT = "dwarf-with-dsym";
				ENABLE_NS_ASSERTIONS = NO;
				ENABLE_STRICT_OBJC_MSGSEND = YES;
				GCC_C_LANGUAGE_STANDARD = gnu11;
				GCC_NO_COMMON_BLOCKS = YES;
				GCC_WARN_64_TO_32_BIT_CONVERSION = YES;
				GCC_WARN_ABOUT_RETURN_TYPE = YES_ERROR;
				GCC_WARN_UNDECLARED_SELECTOR = YES;
				GCC_WARN_UNINITIALIZED_AUTOS = YES_AGGRESSIVE;
				GCC_WARN_UNUSED_FUNCTION = YES;
				GCC_WARN_UNUSED_VARIABLE = YES;
				IPHONEOS_DEPLOYMENT_TARGET = 14.4;
				MTL_ENABLE_DEBUG_INFO = NO;
				MTL_FAST_MATH = YES;
				SDKROOT = iphoneos;
				SWIFT_COMPILATION_MODE = wholemodule;
				SWIFT_OPTIMIZATION_LEVEL = "-O";
				VALIDATE_PRODUCT = YES;
			};
			name = Release;
		};
		70A7179F25ED4F7200E91380 /* Debug */ = {
			isa = XCBuildConfiguration;
			buildSettings = {
				ASSETCATALOG_COMPILER_APPICON_NAME = AppIcon;
				ASSETCATALOG_COMPILER_GLOBAL_ACCENT_COLOR_NAME = AccentColor;
				CODE_SIGN_STYLE = Automatic;
				DEVELOPMENT_ASSET_PATHS = "\"DesignCode 1/Preview Content\"";
				DEVELOPMENT_TEAM = Z4KU7FWG8Q;
				ENABLE_PREVIEWS = YES;
				INFOPLIST_FILE = "DesignCode 1/Info.plist";
				IPHONEOS_DEPLOYMENT_TARGET = 14.0;
				LD_RUNPATH_SEARCH_PATHS = (
					"$(inherited)",
					"@executable_path/Frameworks",
				);
				PRODUCT_BUNDLE_IDENTIFIER = "com.cloud-studio.DesignCode-1";
				PRODUCT_NAME = "$(TARGET_NAME)";
				SWIFT_VERSION = 5.0;
				TARGETED_DEVICE_FAMILY = "1,2";
			};
			name = Debug;
		};
		70A717A025ED4F7200E91380 /* Release */ = {
			isa = XCBuildConfiguration;
			buildSettings = {
				ASSETCATALOG_COMPILER_APPICON_NAME = AppIcon;
				ASSETCATALOG_COMPILER_GLOBAL_ACCENT_COLOR_NAME = AccentColor;
				CODE_SIGN_STYLE = Automatic;
				DEVELOPMENT_ASSET_PATHS = "\"DesignCode 1/Preview Content\"";
				DEVELOPMENT_TEAM = Z4KU7FWG8Q;
				ENABLE_PREVIEWS = YES;
				INFOPLIST_FILE = "DesignCode 1/Info.plist";
				IPHONEOS_DEPLOYMENT_TARGET = 14.0;
				LD_RUNPATH_SEARCH_PATHS = (
					"$(inherited)",
					"@executable_path/Frameworks",
				);
				PRODUCT_BUNDLE_IDENTIFIER = "com.cloud-studio.DesignCode-1";
				PRODUCT_NAME = "$(TARGET_NAME)";
				SWIFT_VERSION = 5.0;
				TARGETED_DEVICE_FAMILY = "1,2";
			};
			name = Release;
		};
/* End XCBuildConfiguration section */

/* Begin XCConfigurationList section */
		70A7178A25ED4F7100E91380 /* Build configuration list for PBXProject "DesignCode 1" */ = {
			isa = XCConfigurationList;
			buildConfigurations = (
				70A7179C25ED4F7200E91380 /* Debug */,
				70A7179D25ED4F7200E91380 /* Release */,
			);
			defaultConfigurationIsVisible = 0;
			defaultConfigurationName = Release;
		};
		70A7179E25ED4F7200E91380 /* Build configuration list for PBXNativeTarget "DesignCode 1" */ = {
			isa = XCConfigurationList;
			buildConfigurations = (
				70A7179F25ED4F7200E91380 /* Debug */,
				70A717A025ED4F7200E91380 /* Release */,
			);
			defaultConfigurationIsVisible = 0;
			defaultConfigurationName = Release;
		};
/* End XCConfigurationList section */
	};
	rootObject = 70A7178725ED4F7100E91380 /* Project object */;
}
